
Microsoft Visual Studio Solution File, Format Version 11.00
# Visual Studio 2010
Project("{FAE04EC0-301F-11D3-BF4B-00C04F79EFBC}") = "ReplaceText", "ReplaceText\ReplaceText.csproj", "{D0C2002B-DAB9-48D6-80C7-04C965976D01}"
EndProject
Project("{7CF6DF6D-3B04-46F8-A40B-537D21BCA0B4}") = "ReplaceText.Documentation", "ReplaceText.Documentation\ReplaceText.Documentation.shfbproj", "{ADDD96D9-7821-4DAB-9CE8-58C141785990}"
	ProjectSection(ProjectDependencies) = postProject
		{D0C2002B-DAB9-48D6-80C7-04C965976D01} = {D0C2002B-DAB9-48D6-80C7-04C965976D01}
	EndProjectSection
EndProject
Global
	GlobalSection(SolutionConfigurationPlatforms) = preSolution
		Debug|Any CPU = Debug|Any CPU
		Release|Any CPU = Release|Any CPU
	EndGlobalSection
	GlobalSection(ProjectConfigurationPlatforms) = postSolution
		{D0C2002B-DAB9-48D6-80C7-04C965976D01}.Debug|Any CPU.ActiveCfg = Debug|Any CPU
		{D0C2002B-DAB9-48D6-80C7-04C965976D01}.Debug|Any CPU.Build.0 = Debug|Any CPU
		{D0C2002B-DAB9-48D6-80C7-04C965976D01}.Release|Any CPU.ActiveCfg = Release|Any CPU
		{D0C2002B-DAB9-48D6-80C7-04C965976D01}.Release|Any CPU.Build.0 = Release|Any CPU
		{ADDD96D9-7821-4DAB-9CE8-58C141785990}.Debug|Any CPU.ActiveCfg = Debug|Any CPU
		{ADDD96D9-7821-4DAB-9CE8-58C141785990}.Debug|Any CPU.Build.0 = Debug|Any CPU
		{ADDD96D9-7821-4DAB-9CE8-58C141785990}.Release|Any CPU.ActiveCfg = Release|Any CPU
		{ADDD96D9-7821-4DAB-9CE8-58C141785990}.Release|Any CPU.Build.0 = Release|Any CPU
	EndGlobalSection
	GlobalSection(SolutionProperties) = preSolution
		HideSolutionNode = FALSE
	EndGlobalSection
EndGlobal
